
Microsoft Visual Studio Solution File, Format Version 12.00
# Visual Studio 15
VisualStudioVersion = 15.0.27130.2027
MinimumVisualStudioVersion = 10.0.40219.1
Project("{FAE04EC0-301F-11D3-BF4B-00C04F79EFBC}") = "Sitecore.SharedSource.Forms.Fields.Recaptcha", "Sitecore.SharedSource.Forms.Fields.Recaptcha\Sitecore.SharedSource.Forms.Fields.Recaptcha.csproj", "{DABC9B84-7BA7-4E49-9189-CF7444C695C3}"
EndProject
Project("{FAE04EC0-301F-11D3-BF4B-00C04F79EFBC}") = "Sitecore.SharedSource.Links.DynamicAttributes", "Sitecore.SharedSource.Links.DynamicAttributes\Sitecore.SharedSource.Links.DynamicAttributes.csproj", "{D434BCF8-CE86-4E9B-8999-EAF025654C6F}"
EndProject
Global
	GlobalSection(SolutionConfigurationPlatforms) = preSolution
		Debug|Any CPU = Debug|Any CPU
		Release|Any CPU = Release|Any CPU
	EndGlobalSection
	GlobalSection(ProjectConfigurationPlatforms) = postSolution
		{DABC9B84-7BA7-4E49-9189-CF7444C695C3}.Debug|Any CPU.ActiveCfg = Debug|Any CPU
		{DABC9B84-7BA7-4E49-9189-CF7444C695C3}.Debug|Any CPU.Build.0 = Debug|Any CPU
		{DABC9B84-7BA7-4E49-9189-CF7444C695C3}.Release|Any CPU.ActiveCfg = Release|Any CPU
		{DABC9B84-7BA7-4E49-9189-CF7444C695C3}.Release|Any CPU.Build.0 = Release|Any CPU
		{D434BCF8-CE86-4E9B-8999-EAF025654C6F}.Debug|Any CPU.ActiveCfg = Debug|Any CPU
		{D434BCF8-CE86-4E9B-8999-EAF025654C6F}.Debug|Any CPU.Build.0 = Debug|Any CPU
		{D434BCF8-CE86-4E9B-8999-EAF025654C6F}.Release|Any CPU.ActiveCfg = Release|Any CPU
		{D434BCF8-CE86-4E9B-8999-EAF025654C6F}.Release|Any CPU.Build.0 = Release|Any CPU
	EndGlobalSection
	GlobalSection(SolutionProperties) = preSolution
		HideSolutionNode = FALSE
	EndGlobalSection
	GlobalSection(ExtensibilityGlobals) = postSolution
		EnterpriseLibraryConfigurationToolBinariesPathV6 = packages\EnterpriseLibrary.Common.6.0.1304.0\lib\NET45;packages\EnterpriseLibrary.TransientFaultHandling.6.0.1304.0\lib\portable-net45+win+wp8;packages\EnterpriseLibrary.TransientFaultHandling.Caching.6.0.1304.0\lib\NET45;packages\EnterpriseLibrary.TransientFaultHandling.Data.6.0.1304.1\lib\NET45;packages\EnterpriseLibrary.TransientFaultHandling.ServiceBus.6.0.1304.0\lib\NET45;packages\EnterpriseLibrary.TransientFaultHandling.WindowsAzure.Storage.6.0.1304.0\lib\NET45;packages\EnterpriseLibrary.TransientFaultHandling.Configuration.6.0.1304.0\lib\NET45
		SolutionGuid = {DFE89441-4DCB-4817-8258-D38CB9473351}
	EndGlobalSection
EndGlobal
